
Microsoft Visual Studio Solution File, Format Version 12.00
# Visual Studio Version 17
VisualStudioVersion = 17.4.33103.184
MinimumVisualStudioVersion = 10.0.40219.1
Project("{9A19103F-16F7-4668-BE54-9A1E7A4F7556}") = "SeerbitHackaton.API", "SeerbitHackaton.API\SeerbitHackaton.API.csproj", "{1EA735D8-5A21-4783-84F8-83B8C7F5229C}"
EndProject
Project("{9A19103F-16F7-4668-BE54-9A1E7A4F7556}") = "SeerbitHackaton.Core", "SeerbitHackaton.Core\SeerbitHackaton.Core.csproj", "{BF58E69D-3AC2-4DD1-9941-83A255E721BE}"
EndProject
Project("{9A19103F-16F7-4668-BE54-9A1E7A4F7556}") = "SeerbitHackaton.Services", "SeerbitHackaton.Services\SeerbitHackaton.Services.csproj", "{75280EF1-91F8-4563-B823-F6E7EA88F210}"
EndProject
Global
	GlobalSection(SolutionConfigurationPlatforms) = preSolution
		Debug|Any CPU = Debug|Any CPU
		Release|Any CPU = Release|Any CPU
	EndGlobalSection
	GlobalSection(ProjectConfigurationPlatforms) = postSolution
		{1EA735D8-5A21-4783-84F8-83B8C7F5229C}.Debug|Any CPU.ActiveCfg = Debug|Any CPU
		{1EA735D8-5A21-4783-84F8-83B8C7F5229C}.Debug|Any CPU.Build.0 = Debug|Any CPU
		{1EA735D8-5A21-4783-84F8-83B8C7F5229C}.Release|Any CPU.ActiveCfg = Release|Any CPU
		{1EA735D8-5A21-4783-84F8-83B8C7F5229C}.Release|Any CPU.Build.0 = Release|Any CPU
		{BF58E69D-3AC2-4DD1-9941-83A255E721BE}.Debug|Any CPU.ActiveCfg = Debug|Any CPU
		{BF58E69D-3AC2-4DD1-9941-83A255E721BE}.Debug|Any CPU.Build.0 = Debug|Any CPU
		{BF58E69D-3AC2-4DD1-9941-83A255E721BE}.Release|Any CPU.ActiveCfg = Release|Any CPU
		{BF58E69D-3AC2-4DD1-9941-83A255E721BE}.Release|Any CPU.Build.0 = Release|Any CPU
		{75280EF1-91F8-4563-B823-F6E7EA88F210}.Debug|Any CPU.ActiveCfg = Debug|Any CPU
		{75280EF1-91F8-4563-B823-F6E7EA88F210}.Debug|Any CPU.Build.0 = Debug|Any CPU
		{75280EF1-91F8-4563-B823-F6E7EA88F210}.Release|Any CPU.ActiveCfg = Release|Any CPU
		{75280EF1-91F8-4563-B823-F6E7EA88F210}.Release|Any CPU.Build.0 = Release|Any CPU
	EndGlobalSection
	GlobalSection(SolutionProperties) = preSolution
		HideSolutionNode = FALSE
	EndGlobalSection
	GlobalSection(ExtensibilityGlobals) = postSolution
		SolutionGuid = {EF20924D-A638-47B7-9445-4C2544DDACA0}
	EndGlobalSection
EndGlobal
